// !$*UTF8*$!
{
	archiveVersion = 1;
	classes = {
	};
	objectVersion = 50;
	objects = {

/* Begin PBXBuildFile section */
		4521AA3624E8996E00D00936 /* AppDelegate.swift in Sources */ = {isa = PBXBuildFile; fileRef = 4521AA3524E8996E00D00936 /* AppDelegate.swift */; };
		4521AA3824E8996E00D00936 /* SceneDelegate.swift in Sources */ = {isa = PBXBuildFile; fileRef = 4521AA3724E8996E00D00936 /* SceneDelegate.swift */; };
		4521AA3A24E8996E00D00936 /* ViewController.swift in Sources */ = {isa = PBXBuildFile; fileRef = 4521AA3924E8996E00D00936 /* ViewController.swift */; };
		4521AA3D24E8996E00D00936 /* Main.storyboard in Resources */ = {isa = PBXBuildFile; fileRef = 4521AA3B24E8996E00D00936 /* Main.storyboard */; };
		4521AA3F24E8997A00D00936 /* Assets.xcassets in Resources */ = {isa = PBXBuildFile; fileRef = 4521AA3E24E8997A00D00936 /* Assets.xcassets */; };
		4521AA4224E8997A00D00936 /* LaunchScreen.storyboard in Resources */ = {isa = PBXBuildFile; fileRef = 4521AA4024E8997A00D00936 /* LaunchScreen.storyboard */; };
		4521AA4A24E8A36600D00936 /* ObservationViewController.swift in Sources */ = {isa = PBXBuildFile; fileRef = 4521AA4924E8A36600D00936 /* ObservationViewController.swift */; };
/* End PBXBuildFile section */

/* Begin PBXFileReference section */
		4521AA3224E8996E00D00936 /* TurtleApp.app */ = {isa = PBXFileReference; explicitFileType = wrapper.application; includeInIndex = 0; path = TurtleApp.app; sourceTree = BUILT_PRODUCTS_DIR; };
		4521AA3524E8996E00D00936 /* AppDelegate.swift */ = {isa = PBXFileReference; lastKnownFileType = sourcecode.swift; path = AppDelegate.swift; sourceTree = "<group>"; };
		4521AA3724E8996E00D00936 /* SceneDelegate.swift */ = {isa = PBXFileReference; lastKnownFileType = sourcecode.swift; path = SceneDelegate.swift; sourceTree = "<group>"; };
		4521AA3924E8996E00D00936 /* ViewController.swift */ = {isa = PBXFileReference; lastKnownFileType = sourcecode.swift; path = ViewController.swift; sourceTree = "<group>"; };
		4521AA3C24E8996E00D00936 /* Base */ = {isa = PBXFileReference; lastKnownFileType = file.storyboard; name = Base; path = Base.lproj/Main.storyboard; sourceTree = "<group>"; };
		4521AA3E24E8997A00D00936 /* Assets.xcassets */ = {isa = PBXFileReference; lastKnownFileType = folder.assetcatalog; path = Assets.xcassets; sourceTree = "<group>"; };
		4521AA4124E8997A00D00936 /* Base */ = {isa = PBXFileReference; lastKnownFileType = file.storyboard; name = Base; path = Base.lproj/LaunchScreen.storyboard; sourceTree = "<group>"; };
		4521AA4324E8997A00D00936 /* Info.plist */ = {isa = PBXFileReference; lastKnownFileType = text.plist.xml; path = Info.plist; sourceTree = "<group>"; };
		4521AA4924E8A36600D00936 /* ObservationViewController.swift */ = {isa = PBXFileReference; lastKnownFileType = sourcecode.swift; path = ObservationViewController.swift; sourceTree = "<group>"; };
/* End PBXFileReference section */

/* Begin PBXFrameworksBuildPhase section */
		4521AA2F24E8996E00D00936 /* Frameworks */ = {
			isa = PBXFrameworksBuildPhase;
			buildActionMask = 2147483647;
			files = (
			);
			runOnlyForDeploymentPostprocessing = 0;
		};
/* End PBXFrameworksBuildPhase section */

/* Begin PBXGroup section */
		4521AA2924E8996E00D00936 = {
			isa = PBXGroup;
			children = (
				4521AA3424E8996E00D00936 /* TurtleApp */,
				4521AA3324E8996E00D00936 /* Products */,
			);
			sourceTree = "<group>";
		};
		4521AA3324E8996E00D00936 /* Products */ = {
			isa = PBXGroup;
			children = (
				4521AA3224E8996E00D00936 /* TurtleApp.app */,
			);
			name = Products;
			sourceTree = "<group>";
		};
		4521AA3424E8996E00D00936 /* TurtleApp */ = {
			isa = PBXGroup;
			children = (
				4521AA3524E8996E00D00936 /* AppDelegate.swift */,
				4521AA3724E8996E00D00936 /* SceneDelegate.swift */,
				4521AA3924E8996E00D00936 /* ViewController.swift */,
				4521AA3B24E8996E00D00936 /* Main.storyboard */,
				4521AA4924E8A36600D00936 /* ObservationViewController.swift */,
				4521AA3E24E8997A00D00936 /* Assets.xcassets */,
				4521AA4024E8997A00D00936 /* LaunchScreen.storyboard */,
				4521AA4324E8997A00D00936 /* Info.plist */,
			);
			path = TurtleApp;
			sourceTree = "<group>";
		};
/* End PBXGroup section */

/* Begin PBXNativeTarget section */
		4521AA3124E8996E00D00936 /* TurtleApp */ = {
			isa = PBXNativeTarget;
			buildConfigurationList = 4521AA4624E8997A00D00936 /* Build configuration list for PBXNativeTarget "TurtleApp" */;
			buildPhases = (
				4521AA2E24E8996E00D00936 /* Sources */,
				4521AA2F24E8996E00D00936 /* Frameworks */,
				4521AA3024E8996E00D00936 /* Resources */,
			);
			buildRules = (
			);
			dependencies = (
			);
			name = TurtleApp;
			productName = TurtleApp;
			productReference = 4521AA3224E8996E00D00936 /* TurtleApp.app */;
			productType = "com.apple.product-type.application";
		};
/* End PBXNativeTarget section */

/* Begin PBXProject section */
		4521AA2A24E8996E00D00936 /* Project object */ = {
			isa = PBXProject;
			attributes = {
				LastSwiftUpdateCheck = 1160;
				LastUpgradeCheck = 1160;
				ORGANIZATIONNAME = "Sebastien James";
				TargetAttributes = {
					4521AA3124E8996E00D00936 = {
						CreatedOnToolsVersion = 11.6;
					};
				};
			};
			buildConfigurationList = 4521AA2D24E8996E00D00936 /* Build configuration list for PBXProject "TurtleApp" */;
			compatibilityVersion = "Xcode 9.3";
			developmentRegion = en;
			hasScannedForEncodings = 0;
			knownRegions = (
				en,
				Base,
			);
			mainGroup = 4521AA2924E8996E00D00936;
			productRefGroup = 4521AA3324E8996E00D00936 /* Products */;
			projectDirPath = "";
			projectRoot = "";
			targets = (
				4521AA3124E8996E00D00936 /* TurtleApp */,
			);
		};
/* End PBXProject section */

/* Begin PBXResourcesBuildPhase section */
		4521AA3024E8996E00D00936 /* Resources */ = {
			isa = PBXResourcesBuildPhase;
			buildActionMask = 2147483647;
			files = (
				4521AA4224E8997A00D00936 /* LaunchScreen.storyboard in Resources */,
				4521AA3F24E8997A00D00936 /* Assets.xcassets in Resources */,
				4521AA3D24E8996E00D00936 /* Main.storyboard in Resources */,
			);
			runOnlyForDeploymentPostprocessing = 0;
		};
/* End PBXResourcesBuildPhase section */

/* Begin PBXSourcesBuildPhase section */
		4521AA2E24E8996E00D00936 /* Sources */ = {
			isa = PBXSourcesBuildPhase;
			buildActionMask = 2147483647;
			files = (
				4521AA3A24E8996E00D00936 /* ViewController.swift in Sources */,
				4521AA4A24E8A36600D00936 /* ObservationViewController.swift in Sources */,
				4521AA3624E8996E00D00936 /* AppDelegate.swift in Sources */,
				4521AA3824E8996E00D00936 /* SceneDelegate.swift in Sources */,
			);
			runOnlyForDeploymentPostprocessing = 0;
		};
/* End PBXSourcesBuildPhase section */

/* Begin PBXVariantGroup section */
		4521AA3B24E8996E00D00936 /* Main.storyboard */ = {
			isa = PBXVariantGroup;
			children = (
				4521AA3C24E8996E00D00936 /* Base */,
			);
			name = Main.storyboard;
			sourceTree = "<group>";
		};
		4521AA4024E8997A00D00936 /* LaunchScreen.storyboard */ = {
			isa = PBXVariantGroup;
			children = (
				4521AA4124E8997A00D00936 /* Base */,
			);
			name = LaunchScreen.storyboard;
			sourceTree = "<group>";
		};
/* End PBXVariantGroup section */

/* Begin XCBuildConfiguration section */
		4521AA4424E8997A00D00936 /* Debug */ = {
			isa = XCBuildConfiguration;
			buildSettings = {
				ALWAYS_SEARCH_USER_PATHS = NO;
				CLANG_ANALYZER_NONNULL = YES;
				CLANG_ANALYZER_NUMBER_OBJECT_CONVERSION = YES_AGGRESSIVE;
				CLANG_CXX_LANGUAGE_STANDARD = "gnu++14";
				CLANG_CXX_LIBRARY = "libc++";
				CLANG_ENABLE_MODULES = YES;
				CLANG_ENABLE_OBJC_ARC = YES;
				CLANG_ENABLE_OBJC_WEAK = YES;
				CLANG_WARN_BLOCK_CAPTURE_AUTORELEASING = YES;
				CLANG_WARN_BOOL_CONVERSION = YES;
				CLANG_WARN_COMMA = YES;
				CLANG_WARN_CONSTANT_CONVERSION = YES;
				CLANG_WARN_DEPRECATED_OBJC_IMPLEMENTATIONS = YES;
				CLANG_WARN_DIRECT_OBJC_ISA_USAGE = YES_ERROR;
				CLANG_WARN_DOCUMENTATION_COMMENTS = YES;
				CLANG_WARN_EMPTY_BODY = YES;
				CLANG_WARN_ENUM_CONVERSION = YES;
				CLANG_WARN_INFINITE_RECURSION = YES;
				CLANG_WARN_INT_CONVERSION = YES;
				CLANG_WARN_NON_LITERAL_NULL_CONVERSION = YES;
				CLANG_WARN_OBJC_IMPLICIT_RETAIN_SELF = YES;
				CLANG_WARN_OBJC_LITERAL_CONVERSION = YES;
				CLANG_WARN_OBJC_ROOT_CLASS = YES_ERROR;
				CLANG_WARN_RANGE_LOOP_ANALYSIS = YES;
				CLANG_WARN_STRICT_PROTOTYPES = YES;
				CLANG_WARN_SUSPICIOUS_MOVE = YES;
				CLANG_WARN_UNGUARDED_AVAILABILITY = YES_AGGRESSIVE;
				CLANG_WARN_UNREACHABLE_CODE = YES;
				CLANG_WARN__DUPLICATE_METHOD_MATCH = YES;
				COPY_PHASE_STRIP = NO;
				DEBUG_INFORMATION_FORMAT = dwarf;
				ENABLE_STRICT_OBJC_MSGSEND = YES;
				ENABLE_TESTABILITY = YES;
				GCC_C_LANGUAGE_STANDARD = gnu11;
				GCC_DYNAMIC_NO_PIC = NO;
				GCC_NO_COMMON_BLOCKS = YES;
				GCC_OPTIMIZATION_LEVEL = 0;
				GCC_PREPROCESSOR_DEFINITIONS = (
					"DEBUG=1",
					"$(inherited)",
				);
				GCC_WARN_64_TO_32_BIT_CONVERSION = YES;
				GCC_WARN_ABOUT_RETURN_TYPE = YES_ERROR;
				GCC_WARN_UNDECLARED_SELECTOR = YES;
				GCC_WARN_UNINITIALIZED_AUTOS = YES_AGGRESSIVE;
				GCC_WARN_UNUSED_FUNCTION = YES;
				GCC_WARN_UNUSED_VARIABLE = YES;
				IPHONEOS_DEPLOYMENT_TARGET = 13.6;
				MTL_ENABLE_DEBUG_INFO = INCLUDE_SOURCE;
				MTL_FAST_MATH = YES;
				ONLY_ACTIVE_ARCH = YES;
				SDKROOT = iphoneos;
				SWIFT_ACTIVE_COMPILATION_CONDITIONS = DEBUG;
				SWIFT_OPTIMIZATION_LEVEL = "-Onone";
			};
			name = Debug;
		};
		4521AA4524E8997A00D00936 /* Release */ = {
			isa = XCBuildConfiguration;
			buildSettings = {
				ALWAYS_SEARCH_USER_PATHS = NO;
				CLANG_ANALYZER_NONNULL = YES;
				CLANG_ANALYZER_NUMBER_OBJECT_CONVERSION = YES_AGGRESSIVE;
				CLANG_CXX_LANGUAGE_STANDARD = "gnu++14";
				CLANG_CXX_LIBRARY = "libc++";
				CLANG_ENABLE_MODULES = YES;
				CLANG_ENABLE_OBJC_ARC = YES;
				CLANG_ENABLE_OBJC_WEAK = YES;
				CLANG_WARN_BLOCK_CAPTURE_AUTORELEASING = YES;
				CLANG_WARN_BOOL_CONVERSION = YES;
				CLANG_WARN_COMMA = YES;
				CLANG_WARN_CONSTANT_CONVERSION = YES;
				CLANG_WARN_DEPRECATED_OBJC_IMPLEMENTATIONS = YES;
				CLANG_WARN_DIRECT_OBJC_ISA_USAGE = YES_ERROR;
				CLANG_WARN_DOCUMENTATION_COMMENTS = YES;
				CLANG_WARN_EMPTY_BODY = YES;
				CLANG_WARN_ENUM_CONVERSION = YES;
				CLANG_WARN_INFINITE_RECURSION = YES;
				CLANG_WARN_INT_CONVERSION = YES;
				CLANG_WARN_NON_LITERAL_NULL_CONVERSION = YES;
				CLANG_WARN_OBJC_IMPLICIT_RETAIN_SELF = YES;
				CLANG_WARN_OBJC_LITERAL_CONVERSION = YES;
				CLANG_WARN_OBJC_ROOT_CLASS = YES_ERROR;
				CLANG_WARN_RANGE_LOOP_ANALYSIS = YES;
				CLANG_WARN_STRICT_PROTOTYPES = YES;
				CLANG_WARN_SUSPICIOUS_MOVE = YES;
				CLANG_WARN_UNGUARDED_AVAILABILITY = YES_AGGRESSIVE;
				CLANG_WARN_UNREACHABLE_CODE = YES;
				CLANG_WARN__DUPLICATE_METHOD_MATCH = YES;
				COPY_PHASE_STRIP = NO;
				DEBUG_INFORMATION_FORMAT = "dwarf-with-dsym";
				ENABLE_NS_ASSERTIONS = NO;
				ENABLE_STRICT_OBJC_MSGSEND = YES;
				GCC_C_LANGUAGE_STANDARD = gnu11;
				GCC_NO_COMMON_BLOCKS = YES;
				GCC_WARN_64_TO_32_BIT_CONVERSION = YES;
				GCC_WARN_ABOUT_RETURN_TYPE = YES_ERROR;
				GCC_WARN_UNDECLARED_SELECTOR = YES;
				GCC_WARN_UNINITIALIZED_AUTOS = YES_AGGRESSIVE;
				GCC_WARN_UNUSED_FUNCTION = YES;
				GCC_WARN_UNUSED_VARIABLE = YES;
				IPHONEOS_DEPLOYMENT_TARGET = 13.6;
				MTL_ENABLE_DEBUG_INFO = NO;
				MTL_FAST_MATH = YES;
				SDKROOT = iphoneos;
				SWIFT_COMPILATION_MODE = wholemodule;
				SWIFT_OPTIMIZATION_LEVEL = "-O";
				VALIDATE_PRODUCT = YES;
			};
			name = Release;
		};
		4521AA4724E8997A00D00936 /* Debug */ = {
			isa = XCBuildConfiguration;
			buildSettings = {
				ASSETCATALOG_COMPILER_APPICON_NAME = AppIcon;
				CODE_SIGN_STYLE = Automatic;
				INFOPLIST_FILE = TurtleApp/Info.plist;
				LD_RUNPATH_SEARCH_PATHS = (
					"$(inherited)",
					"@executable_path/Frameworks",
				);
				PRODUCT_BUNDLE_IDENTIFIER = com.sebastienjames.TurtleApp;
				PRODUCT_NAME = "$(TARGET_NAME)";
				SWIFT_VERSION = 5.0;
				TARGETED_DEVICE_FAMILY = "1,2";
			};
			name = Debug;
		};
		4521AA4824E8997A00D00936 /* Release */ = {
			isa = XCBuildConfiguration;
			buildSettings = {
				ASSETCATALOG_COMPILER_APPICON_NAME = AppIcon;
				CODE_SIGN_STYLE = Automatic;
				INFOPLIST_FILE = TurtleApp/Info.plist;
				LD_RUNPATH_SEARCH_PATHS = (
					"$(inherited)",
					"@executable_path/Frameworks",
				);
				PRODUCT_BUNDLE_IDENTIFIER = com.sebastienjames.TurtleApp;
				PRODUCT_NAME = "$(TARGET_NAME)";
				SWIFT_VERSION = 5.0;
				TARGETED_DEVICE_FAMILY = "1,2";
			};
			name = Release;
		};
/* End XCBuildConfiguration section */

/* Begin XCConfigurationList section */
		4521AA2D24E8996E00D00936 /* Build configuration list for PBXProject "TurtleApp" */ = {
			isa = XCConfigurationList;
			buildConfigurations = (
				4521AA4424E8997A00D00936 /* Debug */,
				4521AA4524E8997A00D00936 /* Release */,
			);
			defaultConfigurationIsVisible = 0;
			defaultConfigurationName = Release;
		};
		4521AA4624E8997A00D00936 /* Build configuration list for PBXNativeTarget "TurtleApp" */ = {
			isa = XCConfigurationList;
			buildConfigurations = (
				4521AA4724E8997A00D00936 /* Debug */,
				4521AA4824E8997A00D00936 /* Release */,
			);
			defaultConfigurationIsVisible = 0;
			defaultConfigurationName = Release;
		};
/* End XCConfigurationList section */
	};
	rootObject = 4521AA2A24E8996E00D00936 /* Project object */;
}
