// !$*UTF8*$!
{
	archiveVersion = 1;
	classes = {
	};
	objectVersion = 51;
	objects = {

/* Begin PBXBuildFile section */
		C31E3B5824FAF2210067193A /* GoogleService-Info.plist in Resources */ = {isa = PBXBuildFile; fileRef = C31E3B5724FAF2210067193A /* GoogleService-Info.plist */; };
		C3A209CA2504247E00FCBA16 /* NoActivityReport.swift in Sources */ = {isa = PBXBuildFile; fileRef = C3A209C92504247E00FCBA16 /* NoActivityReport.swift */; };
		C3A9EA7A24F4FDF4006056A6 /* AppDelegate.swift in Sources */ = {isa = PBXBuildFile; fileRef = C3A9EA7924F4FDF4006056A6 /* AppDelegate.swift */; };
		C3A9EA7C24F4FDF4006056A6 /* SceneDelegate.swift in Sources */ = {isa = PBXBuildFile; fileRef = C3A9EA7B24F4FDF4006056A6 /* SceneDelegate.swift */; };
		C3A9EA7E24F4FDF4006056A6 /* ObservationViewController.swift in Sources */ = {isa = PBXBuildFile; fileRef = C3A9EA7D24F4FDF4006056A6 /* ObservationViewController.swift */; };
		C3A9EA8124F4FDF4006056A6 /* Main.storyboard in Resources */ = {isa = PBXBuildFile; fileRef = C3A9EA7F24F4FDF4006056A6 /* Main.storyboard */; };
		C3A9EA8324F4FDF5006056A6 /* Assets.xcassets in Resources */ = {isa = PBXBuildFile; fileRef = C3A9EA8224F4FDF5006056A6 /* Assets.xcassets */; };
		C3A9EA8624F4FDF5006056A6 /* LaunchScreen.storyboard in Resources */ = {isa = PBXBuildFile; fileRef = C3A9EA8424F4FDF5006056A6 /* LaunchScreen.storyboard */; };
		C3B350BC24F768A0004CA8EA /* Observation.swift in Sources */ = {isa = PBXBuildFile; fileRef = C3B350BB24F768A0004CA8EA /* Observation.swift */; };
		C3B77B2D2501817B00CFCD79 /* NoActivityViewController.swift in Sources */ = {isa = PBXBuildFile; fileRef = C3B77B2C2501817B00CFCD79 /* NoActivityViewController.swift */; };
		C3BC007225014C1E00881E7B /* LoginViewController.swift in Sources */ = {isa = PBXBuildFile; fileRef = C3BC007125014C1E00881E7B /* LoginViewController.swift */; };
		C3DE600D24F94A39005FCF02 /* Constants.swift in Sources */ = {isa = PBXBuildFile; fileRef = C3DE600C24F94A39005FCF02 /* Constants.swift */; };
		C3E6748425049BD000B38ED6 /* ListTableViewController.swift in Sources */ = {isa = PBXBuildFile; fileRef = C3E6748325049BD000B38ED6 /* ListTableViewController.swift */; };
		C3E674892506787500B38ED6 /* ListCell.swift in Sources */ = {isa = PBXBuildFile; fileRef = C3E674872506787500B38ED6 /* ListCell.swift */; };
		C3E6748A2506787500B38ED6 /* ListCell.xib in Resources */ = {isa = PBXBuildFile; fileRef = C3E674882506787500B38ED6 /* ListCell.xib */; };
		C3FEC67224FEEFC1000711D2 /* HomeViewController.swift in Sources */ = {isa = PBXBuildFile; fileRef = C3FEC67124FEEFC1000711D2 /* HomeViewController.swift */; };
		CBF8839743343F8BD6714AAD /* Pods_turtleAppLayout.framework in Frameworks */ = {isa = PBXBuildFile; fileRef = 3A5CCE7C77B351B3C207AFE1 /* Pods_turtleAppLayout.framework */; };
/* End PBXBuildFile section */

/* Begin PBXContainerItemProxy section */
		C3A9EA8D24F4FDF6006056A6 /* PBXContainerItemProxy */ = {
			isa = PBXContainerItemProxy;
			containerPortal = C3A9EA6E24F4FDF4006056A6 /* Project object */;
			proxyType = 1;
			remoteGlobalIDString = C3A9EA7524F4FDF4006056A6;
			remoteInfo = turtleAppLayout;
		};
		C3A9EA9824F4FDF6006056A6 /* PBXContainerItemProxy */ = {
			isa = PBXContainerItemProxy;
			containerPortal = C3A9EA6E24F4FDF4006056A6 /* Project object */;
			proxyType = 1;
			remoteGlobalIDString = C3A9EA7524F4FDF4006056A6;
			remoteInfo = turtleAppLayout;
		};
/* End PBXContainerItemProxy section */

/* Begin PBXFileReference section */
		3A5CCE7C77B351B3C207AFE1 /* Pods_turtleAppLayout.framework */ = {isa = PBXFileReference; explicitFileType = wrapper.framework; includeInIndex = 0; path = Pods_turtleAppLayout.framework; sourceTree = BUILT_PRODUCTS_DIR; };
		8E65270D1DFA47275E37A9AD /* Pods-turtleAppLayout.release.xcconfig */ = {isa = PBXFileReference; includeInIndex = 1; lastKnownFileType = text.xcconfig; name = "Pods-turtleAppLayout.release.xcconfig"; path = "Target Support Files/Pods-turtleAppLayout/Pods-turtleAppLayout.release.xcconfig"; sourceTree = "<group>"; };
		C31E3B5724FAF2210067193A /* GoogleService-Info.plist */ = {isa = PBXFileReference; fileEncoding = 4; lastKnownFileType = text.plist.xml; name = "GoogleService-Info.plist"; path = "../../../Downloads/GoogleService-Info.plist"; sourceTree = "<group>"; };
		C3A209C92504247E00FCBA16 /* NoActivityReport.swift */ = {isa = PBXFileReference; lastKnownFileType = sourcecode.swift; path = NoActivityReport.swift; sourceTree = "<group>"; };
		C3A9EA7624F4FDF4006056A6 /* turtleAppLayout.app */ = {isa = PBXFileReference; explicitFileType = wrapper.application; includeInIndex = 0; path = turtleAppLayout.app; sourceTree = BUILT_PRODUCTS_DIR; };
		C3A9EA7924F4FDF4006056A6 /* AppDelegate.swift */ = {isa = PBXFileReference; lastKnownFileType = sourcecode.swift; path = AppDelegate.swift; sourceTree = "<group>"; };
		C3A9EA7B24F4FDF4006056A6 /* SceneDelegate.swift */ = {isa = PBXFileReference; lastKnownFileType = sourcecode.swift; path = SceneDelegate.swift; sourceTree = "<group>"; };
		C3A9EA7D24F4FDF4006056A6 /* ObservationViewController.swift */ = {isa = PBXFileReference; lastKnownFileType = sourcecode.swift; path = ObservationViewController.swift; sourceTree = "<group>"; };
		C3A9EA8024F4FDF4006056A6 /* Base */ = {isa = PBXFileReference; lastKnownFileType = file.storyboard; name = Base; path = Base.lproj/Main.storyboard; sourceTree = "<group>"; };
		C3A9EA8224F4FDF5006056A6 /* Assets.xcassets */ = {isa = PBXFileReference; lastKnownFileType = folder.assetcatalog; path = Assets.xcassets; sourceTree = "<group>"; };
		C3A9EA8524F4FDF5006056A6 /* Base */ = {isa = PBXFileReference; lastKnownFileType = file.storyboard; name = Base; path = Base.lproj/LaunchScreen.storyboard; sourceTree = "<group>"; };
		C3A9EA8724F4FDF5006056A6 /* Info.plist */ = {isa = PBXFileReference; lastKnownFileType = text.plist.xml; path = Info.plist; sourceTree = "<group>"; };
		C3A9EA8C24F4FDF6006056A6 /* turtleAppLayoutTests.xctest */ = {isa = PBXFileReference; explicitFileType = wrapper.cfbundle; includeInIndex = 0; path = turtleAppLayoutTests.xctest; sourceTree = BUILT_PRODUCTS_DIR; };
		C3A9EA9724F4FDF6006056A6 /* turtleAppLayoutUITests.xctest */ = {isa = PBXFileReference; explicitFileType = wrapper.cfbundle; includeInIndex = 0; path = turtleAppLayoutUITests.xctest; sourceTree = BUILT_PRODUCTS_DIR; };
		C3B350BB24F768A0004CA8EA /* Observation.swift */ = {isa = PBXFileReference; lastKnownFileType = sourcecode.swift; path = Observation.swift; sourceTree = "<group>"; };
		C3B77B2C2501817B00CFCD79 /* NoActivityViewController.swift */ = {isa = PBXFileReference; lastKnownFileType = sourcecode.swift; path = NoActivityViewController.swift; sourceTree = "<group>"; };
		C3BC007125014C1E00881E7B /* LoginViewController.swift */ = {isa = PBXFileReference; lastKnownFileType = sourcecode.swift; path = LoginViewController.swift; sourceTree = "<group>"; };
		C3DE600C24F94A39005FCF02 /* Constants.swift */ = {isa = PBXFileReference; lastKnownFileType = sourcecode.swift; path = Constants.swift; sourceTree = "<group>"; };
		C3E6748325049BD000B38ED6 /* ListTableViewController.swift */ = {isa = PBXFileReference; lastKnownFileType = sourcecode.swift; name = ListTableViewController.swift; path = turtleAppLayout/Views/ListTableViewController.swift; sourceTree = SOURCE_ROOT; };
		C3E674872506787500B38ED6 /* ListCell.swift */ = {isa = PBXFileReference; lastKnownFileType = sourcecode.swift; path = ListCell.swift; sourceTree = "<group>"; };
		C3E674882506787500B38ED6 /* ListCell.xib */ = {isa = PBXFileReference; lastKnownFileType = file.xib; path = ListCell.xib; sourceTree = "<group>"; };
		C3FEC67124FEEFC1000711D2 /* HomeViewController.swift */ = {isa = PBXFileReference; lastKnownFileType = sourcecode.swift; path = HomeViewController.swift; sourceTree = SOURCE_ROOT; };
		DC1499C8B142D73756F9A0F7 /* Pods-turtleAppLayout.debug.xcconfig */ = {isa = PBXFileReference; includeInIndex = 1; lastKnownFileType = text.xcconfig; name = "Pods-turtleAppLayout.debug.xcconfig"; path = "Target Support Files/Pods-turtleAppLayout/Pods-turtleAppLayout.debug.xcconfig"; sourceTree = "<group>"; };
/* End PBXFileReference section */

/* Begin PBXFrameworksBuildPhase section */
		C3A9EA7324F4FDF4006056A6 /* Frameworks */ = {
			isa = PBXFrameworksBuildPhase;
			buildActionMask = 2147483647;
			files = (
				CBF8839743343F8BD6714AAD /* Pods_turtleAppLayout.framework in Frameworks */,
			);
			runOnlyForDeploymentPostprocessing = 0;
		};
		C3A9EA8924F4FDF6006056A6 /* Frameworks */ = {
			isa = PBXFrameworksBuildPhase;
			buildActionMask = 2147483647;
			files = (
			);
			runOnlyForDeploymentPostprocessing = 0;
		};
		C3A9EA9424F4FDF6006056A6 /* Frameworks */ = {
			isa = PBXFrameworksBuildPhase;
			buildActionMask = 2147483647;
			files = (
			);
			runOnlyForDeploymentPostprocessing = 0;
		};
/* End PBXFrameworksBuildPhase section */

/* Begin PBXGroup section */
		B0C608DB9E2DECC707D50E78 /* Frameworks */ = {
			isa = PBXGroup;
			children = (
				3A5CCE7C77B351B3C207AFE1 /* Pods_turtleAppLayout.framework */,
			);
			name = Frameworks;
			sourceTree = "<group>";
		};
		C33E17B724F7924700AA1956 /* Controllers */ = {
			isa = PBXGroup;
			children = (
				C3BC007125014C1E00881E7B /* LoginViewController.swift */,
				C3FEC67124FEEFC1000711D2 /* HomeViewController.swift */,
				C3A9EA7D24F4FDF4006056A6 /* ObservationViewController.swift */,
				C3B77B2C2501817B00CFCD79 /* NoActivityViewController.swift */,
				C3E6748325049BD000B38ED6 /* ListTableViewController.swift */,
			);
			path = Controllers;
			sourceTree = "<group>";
		};
		C33E17B824F7925000AA1956 /* Views */ = {
			isa = PBXGroup;
			children = (
				C3A9EA7F24F4FDF4006056A6 /* Main.storyboard */,
				C3E674872506787500B38ED6 /* ListCell.swift */,
				C3E674882506787500B38ED6 /* ListCell.xib */,
			);
			path = Views;
			sourceTree = "<group>";
		};
		C33E17B924F7925B00AA1956 /* Models */ = {
			isa = PBXGroup;
			children = (
				C3B350BB24F768A0004CA8EA /* Observation.swift */,
				C3A209C92504247E00FCBA16 /* NoActivityReport.swift */,
			);
			path = Models;
			sourceTree = "<group>";
		};
		C3A9EA6D24F4FDF4006056A6 = {
			isa = PBXGroup;
			children = (
				C3A9EA7824F4FDF4006056A6 /* turtleAppLayout */,
				C3A9EA7724F4FDF4006056A6 /* Products */,
				C45FF5DC50634E4FC942C5B1 /* Pods */,
				B0C608DB9E2DECC707D50E78 /* Frameworks */,
			);
			sourceTree = "<group>";
		};
		C3A9EA7724F4FDF4006056A6 /* Products */ = {
			isa = PBXGroup;
			children = (
				C3A9EA7624F4FDF4006056A6 /* turtleAppLayout.app */,
				C3A9EA8C24F4FDF6006056A6 /* turtleAppLayoutTests.xctest */,
				C3A9EA9724F4FDF6006056A6 /* turtleAppLayoutUITests.xctest */,
			);
			name = Products;
			sourceTree = "<group>";
		};
		C3A9EA7824F4FDF4006056A6 /* turtleAppLayout */ = {
			isa = PBXGroup;
			children = (
				C3A9EA7924F4FDF4006056A6 /* AppDelegate.swift */,
				C3A9EA7B24F4FDF4006056A6 /* SceneDelegate.swift */,
				C33E17B724F7924700AA1956 /* Controllers */,
				C33E17B924F7925B00AA1956 /* Models */,
				C33E17B824F7925000AA1956 /* Views */,
				C3A9EA8224F4FDF5006056A6 /* Assets.xcassets */,
				C3A9EA8424F4FDF5006056A6 /* LaunchScreen.storyboard */,
				C3A9EA8724F4FDF5006056A6 /* Info.plist */,
				C31E3B5724FAF2210067193A /* GoogleService-Info.plist */,
				C3DE600C24F94A39005FCF02 /* Constants.swift */,
			);
			path = turtleAppLayout;
			sourceTree = "<group>";
		};
		C45FF5DC50634E4FC942C5B1 /* Pods */ = {
			isa = PBXGroup;
			children = (
				DC1499C8B142D73756F9A0F7 /* Pods-turtleAppLayout.debug.xcconfig */,
				8E65270D1DFA47275E37A9AD /* Pods-turtleAppLayout.release.xcconfig */,
			);
			path = Pods;
			sourceTree = "<group>";
		};
/* End PBXGroup section */

/* Begin PBXNativeTarget section */
		C3A9EA7524F4FDF4006056A6 /* turtleAppLayout */ = {
			isa = PBXNativeTarget;
			buildConfigurationList = C3A9EAA024F4FDF6006056A6 /* Build configuration list for PBXNativeTarget "turtleAppLayout" */;
			buildPhases = (
				8ABF25EED7FD1535976F8323 /* [CP] Check Pods Manifest.lock */,
				C3A9EA7224F4FDF4006056A6 /* Sources */,
				C3A9EA7324F4FDF4006056A6 /* Frameworks */,
				C3A9EA7424F4FDF4006056A6 /* Resources */,
				2EA74DB5E8EA7A2492F0210D /* [CP] Embed Pods Frameworks */,
			);
			buildRules = (
			);
			dependencies = (
			);
			name = turtleAppLayout;
			productName = turtleAppLayout;
			productReference = C3A9EA7624F4FDF4006056A6 /* turtleAppLayout.app */;
			productType = "com.apple.product-type.application";
		};
		C3A9EA8B24F4FDF6006056A6 /* turtleAppLayoutTests */ = {
			isa = PBXNativeTarget;
			buildConfigurationList = C3A9EAA324F4FDF6006056A6 /* Build configuration list for PBXNativeTarget "turtleAppLayoutTests" */;
			buildPhases = (
				C3A9EA8824F4FDF6006056A6 /* Sources */,
				C3A9EA8924F4FDF6006056A6 /* Frameworks */,
				C3A9EA8A24F4FDF6006056A6 /* Resources */,
			);
			buildRules = (
			);
			dependencies = (
				C3A9EA8E24F4FDF6006056A6 /* PBXTargetDependency */,
			);
			name = turtleAppLayoutTests;
			productName = turtleAppLayoutTests;
			productReference = C3A9EA8C24F4FDF6006056A6 /* turtleAppLayoutTests.xctest */;
			productType = "com.apple.product-type.bundle.unit-test";
		};
		C3A9EA9624F4FDF6006056A6 /* turtleAppLayoutUITests */ = {
			isa = PBXNativeTarget;
			buildConfigurationList = C3A9EAA624F4FDF6006056A6 /* Build configuration list for PBXNativeTarget "turtleAppLayoutUITests" */;
			buildPhases = (
				C3A9EA9324F4FDF6006056A6 /* Sources */,
				C3A9EA9424F4FDF6006056A6 /* Frameworks */,
				C3A9EA9524F4FDF6006056A6 /* Resources */,
			);
			buildRules = (
			);
			dependencies = (
				C3A9EA9924F4FDF6006056A6 /* PBXTargetDependency */,
			);
			name = turtleAppLayoutUITests;
			productName = turtleAppLayoutUITests;
			productReference = C3A9EA9724F4FDF6006056A6 /* turtleAppLayoutUITests.xctest */;
			productType = "com.apple.product-type.bundle.ui-testing";
		};
/* End PBXNativeTarget section */

/* Begin PBXProject section */
		C3A9EA6E24F4FDF4006056A6 /* Project object */ = {
			isa = PBXProject;
			attributes = {
				LastSwiftUpdateCheck = 1160;
				LastUpgradeCheck = 1160;
				ORGANIZATIONNAME = "Sebastien James";
				TargetAttributes = {
					C3A9EA7524F4FDF4006056A6 = {
						CreatedOnToolsVersion = 11.6;
					};
					C3A9EA8B24F4FDF6006056A6 = {
						CreatedOnToolsVersion = 11.6;
						TestTargetID = C3A9EA7524F4FDF4006056A6;
					};
					C3A9EA9624F4FDF6006056A6 = {
						CreatedOnToolsVersion = 11.6;
						TestTargetID = C3A9EA7524F4FDF4006056A6;
					};
				};
			};
			buildConfigurationList = C3A9EA7124F4FDF4006056A6 /* Build configuration list for PBXProject "turtleAppLayout" */;
			compatibilityVersion = "Xcode 9.3";
			developmentRegion = en;
			hasScannedForEncodings = 0;
			knownRegions = (
				en,
				Base,
			);
			mainGroup = C3A9EA6D24F4FDF4006056A6;
			productRefGroup = C3A9EA7724F4FDF4006056A6 /* Products */;
			projectDirPath = "";
			projectRoot = "";
			targets = (
				C3A9EA7524F4FDF4006056A6 /* turtleAppLayout */,
				C3A9EA8B24F4FDF6006056A6 /* turtleAppLayoutTests */,
				C3A9EA9624F4FDF6006056A6 /* turtleAppLayoutUITests */,
			);
		};
/* End PBXProject section */

/* Begin PBXResourcesBuildPhase section */
		C3A9EA7424F4FDF4006056A6 /* Resources */ = {
			isa = PBXResourcesBuildPhase;
			buildActionMask = 2147483647;
			files = (
				C3A9EA8624F4FDF5006056A6 /* LaunchScreen.storyboard in Resources */,
				C31E3B5824FAF2210067193A /* GoogleService-Info.plist in Resources */,
				C3A9EA8324F4FDF5006056A6 /* Assets.xcassets in Resources */,
				C3A9EA8124F4FDF4006056A6 /* Main.storyboard in Resources */,
				C3E6748A2506787500B38ED6 /* ListCell.xib in Resources */,
			);
			runOnlyForDeploymentPostprocessing = 0;
		};
		C3A9EA8A24F4FDF6006056A6 /* Resources */ = {
			isa = PBXResourcesBuildPhase;
			buildActionMask = 2147483647;
			files = (
			);
			runOnlyForDeploymentPostprocessing = 0;
		};
		C3A9EA9524F4FDF6006056A6 /* Resources */ = {
			isa = PBXResourcesBuildPhase;
			buildActionMask = 2147483647;
			files = (
			);
			runOnlyForDeploymentPostprocessing = 0;
		};
/* End PBXResourcesBuildPhase section */

/* Begin PBXShellScriptBuildPhase section */
		2EA74DB5E8EA7A2492F0210D /* [CP] Embed Pods Frameworks */ = {
			isa = PBXShellScriptBuildPhase;
			buildActionMask = 2147483647;
			files = (
			);
			inputFileListPaths = (
				"${PODS_ROOT}/Target Support Files/Pods-turtleAppLayout/Pods-turtleAppLayout-frameworks-${CONFIGURATION}-input-files.xcfilelist",
			);
			name = "[CP] Embed Pods Frameworks";
			outputFileListPaths = (
				"${PODS_ROOT}/Target Support Files/Pods-turtleAppLayout/Pods-turtleAppLayout-frameworks-${CONFIGURATION}-output-files.xcfilelist",
			);
			runOnlyForDeploymentPostprocessing = 0;
			shellPath = /bin/sh;
			shellScript = "\"${PODS_ROOT}/Target Support Files/Pods-turtleAppLayout/Pods-turtleAppLayout-frameworks.sh\"\n";
			showEnvVarsInLog = 0;
		};
		8ABF25EED7FD1535976F8323 /* [CP] Check Pods Manifest.lock */ = {
			isa = PBXShellScriptBuildPhase;
			buildActionMask = 2147483647;
			files = (
			);
			inputFileListPaths = (
			);
			inputPaths = (
				"${PODS_PODFILE_DIR_PATH}/Podfile.lock",
				"${PODS_ROOT}/Manifest.lock",
			);
			name = "[CP] Check Pods Manifest.lock";
			outputFileListPaths = (
			);
			outputPaths = (
				"$(DERIVED_FILE_DIR)/Pods-turtleAppLayout-checkManifestLockResult.txt",
			);
			runOnlyForDeploymentPostprocessing = 0;
			shellPath = /bin/sh;
			shellScript = "diff \"${PODS_PODFILE_DIR_PATH}/Podfile.lock\" \"${PODS_ROOT}/Manifest.lock\" > /dev/null\nif [ $? != 0 ] ; then\n    # print error to STDERR\n    echo \"error: The sandbox is not in sync with the Podfile.lock. Run 'pod install' or update your CocoaPods installation.\" >&2\n    exit 1\nfi\n# This output is used by Xcode 'outputs' to avoid re-running this script phase.\necho \"SUCCESS\" > \"${SCRIPT_OUTPUT_FILE_0}\"\n";
			showEnvVarsInLog = 0;
		};
/* End PBXShellScriptBuildPhase section */

/* Begin PBXSourcesBuildPhase section */
		C3A9EA7224F4FDF4006056A6 /* Sources */ = {
			isa = PBXSourcesBuildPhase;
			buildActionMask = 2147483647;
			files = (
				C3A209CA2504247E00FCBA16 /* NoActivityReport.swift in Sources */,
				C3BC007225014C1E00881E7B /* LoginViewController.swift in Sources */,
				C3FEC67224FEEFC1000711D2 /* HomeViewController.swift in Sources */,
				C3E6748425049BD000B38ED6 /* ListTableViewController.swift in Sources */,
				C3DE600D24F94A39005FCF02 /* Constants.swift in Sources */,
				C3A9EA7E24F4FDF4006056A6 /* ObservationViewController.swift in Sources */,
				C3E674892506787500B38ED6 /* ListCell.swift in Sources */,
				C3B77B2D2501817B00CFCD79 /* NoActivityViewController.swift in Sources */,
				C3A9EA7A24F4FDF4006056A6 /* AppDelegate.swift in Sources */,
				C3B350BC24F768A0004CA8EA /* Observation.swift in Sources */,
				C3A9EA7C24F4FDF4006056A6 /* SceneDelegate.swift in Sources */,
			);
			runOnlyForDeploymentPostprocessing = 0;
		};
		C3A9EA8824F4FDF6006056A6 /* Sources */ = {
			isa = PBXSourcesBuildPhase;
			buildActionMask = 2147483647;
			files = (
			);
			runOnlyForDeploymentPostprocessing = 0;
		};
		C3A9EA9324F4FDF6006056A6 /* Sources */ = {
			isa = PBXSourcesBuildPhase;
			buildActionMask = 2147483647;
			files = (
			);
			runOnlyForDeploymentPostprocessing = 0;
		};
/* End PBXSourcesBuildPhase section */

/* Begin PBXTargetDependency section */
		C3A9EA8E24F4FDF6006056A6 /* PBXTargetDependency */ = {
			isa = PBXTargetDependency;
			target = C3A9EA7524F4FDF4006056A6 /* turtleAppLayout */;
			targetProxy = C3A9EA8D24F4FDF6006056A6 /* PBXContainerItemProxy */;
		};
		C3A9EA9924F4FDF6006056A6 /* PBXTargetDependency */ = {
			isa = PBXTargetDependency;
			target = C3A9EA7524F4FDF4006056A6 /* turtleAppLayout */;
			targetProxy = C3A9EA9824F4FDF6006056A6 /* PBXContainerItemProxy */;
		};
/* End PBXTargetDependency section */

/* Begin PBXVariantGroup section */
		C3A9EA7F24F4FDF4006056A6 /* Main.storyboard */ = {
			isa = PBXVariantGroup;
			children = (
				C3A9EA8024F4FDF4006056A6 /* Base */,
			);
			name = Main.storyboard;
			sourceTree = "<group>";
		};
		C3A9EA8424F4FDF5006056A6 /* LaunchScreen.storyboard */ = {
			isa = PBXVariantGroup;
			children = (
				C3A9EA8524F4FDF5006056A6 /* Base */,
			);
			name = LaunchScreen.storyboard;
			sourceTree = "<group>";
		};
/* End PBXVariantGroup section */

/* Begin XCBuildConfiguration section */
		C3A9EA9E24F4FDF6006056A6 /* Debug */ = {
			isa = XCBuildConfiguration;
			buildSettings = {
				ALWAYS_SEARCH_USER_PATHS = NO;
				CLANG_ANALYZER_NONNULL = YES;
				CLANG_ANALYZER_NUMBER_OBJECT_CONVERSION = YES_AGGRESSIVE;
				CLANG_CXX_LANGUAGE_STANDARD = "gnu++14";
				CLANG_CXX_LIBRARY = "libc++";
				CLANG_ENABLE_MODULES = YES;
				CLANG_ENABLE_OBJC_ARC = YES;
				CLANG_ENABLE_OBJC_WEAK = YES;
				CLANG_WARN_BLOCK_CAPTURE_AUTORELEASING = YES;
				CLANG_WARN_BOOL_CONVERSION = YES;
				CLANG_WARN_COMMA = YES;
				CLANG_WARN_CONSTANT_CONVERSION = YES;
				CLANG_WARN_DEPRECATED_OBJC_IMPLEMENTATIONS = YES;
				CLANG_WARN_DIRECT_OBJC_ISA_USAGE = YES_ERROR;
				CLANG_WARN_DOCUMENTATION_COMMENTS = YES;
				CLANG_WARN_EMPTY_BODY = YES;
				CLANG_WARN_ENUM_CONVERSION = YES;
				CLANG_WARN_INFINITE_RECURSION = YES;
				CLANG_WARN_INT_CONVERSION = YES;
				CLANG_WARN_NON_LITERAL_NULL_CONVERSION = YES;
				CLANG_WARN_OBJC_IMPLICIT_RETAIN_SELF = YES;
				CLANG_WARN_OBJC_LITERAL_CONVERSION = YES;
				CLANG_WARN_OBJC_ROOT_CLASS = YES_ERROR;
				CLANG_WARN_RANGE_LOOP_ANALYSIS = YES;
				CLANG_WARN_STRICT_PROTOTYPES = YES;
				CLANG_WARN_SUSPICIOUS_MOVE = YES;
				CLANG_WARN_UNGUARDED_AVAILABILITY = YES_AGGRESSIVE;
				CLANG_WARN_UNREACHABLE_CODE = YES;
				CLANG_WARN__DUPLICATE_METHOD_MATCH = YES;
				COPY_PHASE_STRIP = NO;
				DEBUG_INFORMATION_FORMAT = dwarf;
				ENABLE_STRICT_OBJC_MSGSEND = YES;
				ENABLE_TESTABILITY = YES;
				GCC_C_LANGUAGE_STANDARD = gnu11;
				GCC_DYNAMIC_NO_PIC = NO;
				GCC_NO_COMMON_BLOCKS = YES;
				GCC_OPTIMIZATION_LEVEL = 0;
				GCC_PREPROCESSOR_DEFINITIONS = (
					"DEBUG=1",
					"$(inherited)",
				);
				GCC_WARN_64_TO_32_BIT_CONVERSION = YES;
				GCC_WARN_ABOUT_RETURN_TYPE = YES_ERROR;
				GCC_WARN_UNDECLARED_SELECTOR = YES;
				GCC_WARN_UNINITIALIZED_AUTOS = YES_AGGRESSIVE;
				GCC_WARN_UNUSED_FUNCTION = YES;
				GCC_WARN_UNUSED_VARIABLE = YES;
				IPHONEOS_DEPLOYMENT_TARGET = 13.6;
				MTL_ENABLE_DEBUG_INFO = INCLUDE_SOURCE;
				MTL_FAST_MATH = YES;
				ONLY_ACTIVE_ARCH = YES;
				SDKROOT = iphoneos;
				SWIFT_ACTIVE_COMPILATION_CONDITIONS = DEBUG;
				SWIFT_OPTIMIZATION_LEVEL = "-Onone";
			};
			name = Debug;
		};
		C3A9EA9F24F4FDF6006056A6 /* Release */ = {
			isa = XCBuildConfiguration;
			buildSettings = {
				ALWAYS_SEARCH_USER_PATHS = NO;
				CLANG_ANALYZER_NONNULL = YES;
				CLANG_ANALYZER_NUMBER_OBJECT_CONVERSION = YES_AGGRESSIVE;
				CLANG_CXX_LANGUAGE_STANDARD = "gnu++14";
				CLANG_CXX_LIBRARY = "libc++";
				CLANG_ENABLE_MODULES = YES;
				CLANG_ENABLE_OBJC_ARC = YES;
				CLANG_ENABLE_OBJC_WEAK = YES;
				CLANG_WARN_BLOCK_CAPTURE_AUTORELEASING = YES;
				CLANG_WARN_BOOL_CONVERSION = YES;
				CLANG_WARN_COMMA = YES;
				CLANG_WARN_CONSTANT_CONVERSION = YES;
				CLANG_WARN_DEPRECATED_OBJC_IMPLEMENTATIONS = YES;
				CLANG_WARN_DIRECT_OBJC_ISA_USAGE = YES_ERROR;
				CLANG_WARN_DOCUMENTATION_COMMENTS = YES;
				CLANG_WARN_EMPTY_BODY = YES;
				CLANG_WARN_ENUM_CONVERSION = YES;
				CLANG_WARN_INFINITE_RECURSION = YES;
				CLANG_WARN_INT_CONVERSION = YES;
				CLANG_WARN_NON_LITERAL_NULL_CONVERSION = YES;
				CLANG_WARN_OBJC_IMPLICIT_RETAIN_SELF = YES;
				CLANG_WARN_OBJC_LITERAL_CONVERSION = YES;
				CLANG_WARN_OBJC_ROOT_CLASS = YES_ERROR;
				CLANG_WARN_RANGE_LOOP_ANALYSIS = YES;
				CLANG_WARN_STRICT_PROTOTYPES = YES;
				CLANG_WARN_SUSPICIOUS_MOVE = YES;
				CLANG_WARN_UNGUARDED_AVAILABILITY = YES_AGGRESSIVE;
				CLANG_WARN_UNREACHABLE_CODE = YES;
				CLANG_WARN__DUPLICATE_METHOD_MATCH = YES;
				COPY_PHASE_STRIP = NO;
				DEBUG_INFORMATION_FORMAT = "dwarf-with-dsym";
				ENABLE_NS_ASSERTIONS = NO;
				ENABLE_STRICT_OBJC_MSGSEND = YES;
				GCC_C_LANGUAGE_STANDARD = gnu11;
				GCC_NO_COMMON_BLOCKS = YES;
				GCC_WARN_64_TO_32_BIT_CONVERSION = YES;
				GCC_WARN_ABOUT_RETURN_TYPE = YES_ERROR;
				GCC_WARN_UNDECLARED_SELECTOR = YES;
				GCC_WARN_UNINITIALIZED_AUTOS = YES_AGGRESSIVE;
				GCC_WARN_UNUSED_FUNCTION = YES;
				GCC_WARN_UNUSED_VARIABLE = YES;
				IPHONEOS_DEPLOYMENT_TARGET = 13.6;
				MTL_ENABLE_DEBUG_INFO = NO;
				MTL_FAST_MATH = YES;
				SDKROOT = iphoneos;
				SWIFT_COMPILATION_MODE = wholemodule;
				SWIFT_OPTIMIZATION_LEVEL = "-O";
				VALIDATE_PRODUCT = YES;
			};
			name = Release;
		};
		C3A9EAA124F4FDF6006056A6 /* Debug */ = {
			isa = XCBuildConfiguration;
			baseConfigurationReference = DC1499C8B142D73756F9A0F7 /* Pods-turtleAppLayout.debug.xcconfig */;
			buildSettings = {
				ASSETCATALOG_COMPILER_APPICON_NAME = AppIcon;
				CODE_SIGN_IDENTITY = "Apple Development";
				CODE_SIGN_STYLE = Automatic;
				DEVELOPMENT_TEAM = FNB4D4HZMQ;
				INFOPLIST_FILE = turtleAppLayout/Info.plist;
				IPHONEOS_DEPLOYMENT_TARGET = 13.0;
				LD_RUNPATH_SEARCH_PATHS = (
					"$(inherited)",
					"@executable_path/Frameworks",
				);
				PRODUCT_BUNDLE_IDENTIFIER = com.OliviaJames.TurtleDataSJ;
				PRODUCT_NAME = "$(TARGET_NAME)";
				PROVISIONING_PROFILE_SPECIFIER = "";
				SWIFT_VERSION = 5.0;
				TARGETED_DEVICE_FAMILY = "1,2";
			};
			name = Debug;
		};
		C3A9EAA224F4FDF6006056A6 /* Release */ = {
			isa = XCBuildConfiguration;
			baseConfigurationReference = 8E65270D1DFA47275E37A9AD /* Pods-turtleAppLayout.release.xcconfig */;
			buildSettings = {
				ASSETCATALOG_COMPILER_APPICON_NAME = AppIcon;
				CODE_SIGN_IDENTITY = "Apple Development";
				CODE_SIGN_STYLE = Automatic;
				DEVELOPMENT_TEAM = FNB4D4HZMQ;
				INFOPLIST_FILE = turtleAppLayout/Info.plist;
				IPHONEOS_DEPLOYMENT_TARGET = 13.0;
				LD_RUNPATH_SEARCH_PATHS = (
					"$(inherited)",
					"@executable_path/Frameworks",
				);
				PRODUCT_BUNDLE_IDENTIFIER = com.OliviaJames.TurtleDataSJ;
				PRODUCT_NAME = "$(TARGET_NAME)";
				PROVISIONING_PROFILE_SPECIFIER = "";
				SWIFT_VERSION = 5.0;
				TARGETED_DEVICE_FAMILY = "1,2";
			};
			name = Release;
		};
		C3A9EAA424F4FDF6006056A6 /* Debug */ = {
			isa = XCBuildConfiguration;
			buildSettings = {
				ALWAYS_EMBED_SWIFT_STANDARD_LIBRARIES = YES;
				BUNDLE_LOADER = "$(TEST_HOST)";
				CODE_SIGN_STYLE = Automatic;
				INFOPLIST_FILE = turtleAppLayoutTests/Info.plist;
				IPHONEOS_DEPLOYMENT_TARGET = 13.6;
				LD_RUNPATH_SEARCH_PATHS = (
					"$(inherited)",
					"@executable_path/Frameworks",
					"@loader_path/Frameworks",
				);
				PRODUCT_BUNDLE_IDENTIFIER = com.etchertm.turtleAppLayoutTests;
				PRODUCT_NAME = "$(TARGET_NAME)";
				SWIFT_VERSION = 5.0;
				TARGETED_DEVICE_FAMILY = "1,2";
				TEST_HOST = "$(BUILT_PRODUCTS_DIR)/turtleAppLayout.app/turtleAppLayout";
			};
			name = Debug;
		};
		C3A9EAA524F4FDF6006056A6 /* Release */ = {
			isa = XCBuildConfiguration;
			buildSettings = {
				ALWAYS_EMBED_SWIFT_STANDARD_LIBRARIES = YES;
				BUNDLE_LOADER = "$(TEST_HOST)";
				CODE_SIGN_STYLE = Automatic;
				INFOPLIST_FILE = turtleAppLayoutTests/Info.plist;
				IPHONEOS_DEPLOYMENT_TARGET = 13.6;
				LD_RUNPATH_SEARCH_PATHS = (
					"$(inherited)",
					"@executable_path/Frameworks",
					"@loader_path/Frameworks",
				);
				PRODUCT_BUNDLE_IDENTIFIER = com.etchertm.turtleAppLayoutTests;
				PRODUCT_NAME = "$(TARGET_NAME)";
				SWIFT_VERSION = 5.0;
				TARGETED_DEVICE_FAMILY = "1,2";
				TEST_HOST = "$(BUILT_PRODUCTS_DIR)/turtleAppLayout.app/turtleAppLayout";
			};
			name = Release;
		};
		C3A9EAA724F4FDF6006056A6 /* Debug */ = {
			isa = XCBuildConfiguration;
			buildSettings = {
				ALWAYS_EMBED_SWIFT_STANDARD_LIBRARIES = YES;
				CODE_SIGN_STYLE = Automatic;
				INFOPLIST_FILE = turtleAppLayoutUITests/Info.plist;
				LD_RUNPATH_SEARCH_PATHS = (
					"$(inherited)",
					"@executable_path/Frameworks",
					"@loader_path/Frameworks",
				);
				PRODUCT_BUNDLE_IDENTIFIER = com.etchertm.turtleAppLayoutUITests;
				PRODUCT_NAME = "$(TARGET_NAME)";
				SWIFT_VERSION = 5.0;
				TARGETED_DEVICE_FAMILY = "1,2";
				TEST_TARGET_NAME = turtleAppLayout;
			};
			name = Debug;
		};
		C3A9EAA824F4FDF6006056A6 /* Release */ = {
			isa = XCBuildConfiguration;
			buildSettings = {
				ALWAYS_EMBED_SWIFT_STANDARD_LIBRARIES = YES;
				CODE_SIGN_STYLE = Automatic;
				INFOPLIST_FILE = turtleAppLayoutUITests/Info.plist;
				LD_RUNPATH_SEARCH_PATHS = (
					"$(inherited)",
					"@executable_path/Frameworks",
					"@loader_path/Frameworks",
				);
				PRODUCT_BUNDLE_IDENTIFIER = com.etchertm.turtleAppLayoutUITests;
				PRODUCT_NAME = "$(TARGET_NAME)";
				SWIFT_VERSION = 5.0;
				TARGETED_DEVICE_FAMILY = "1,2";
				TEST_TARGET_NAME = turtleAppLayout;
			};
			name = Release;
		};
/* End XCBuildConfiguration section */

/* Begin XCConfigurationList section */
		C3A9EA7124F4FDF4006056A6 /* Build configuration list for PBXProject "turtleAppLayout" */ = {
			isa = XCConfigurationList;
			buildConfigurations = (
				C3A9EA9E24F4FDF6006056A6 /* Debug */,
				C3A9EA9F24F4FDF6006056A6 /* Release */,
			);
			defaultConfigurationIsVisible = 0;
			defaultConfigurationName = Release;
		};
		C3A9EAA024F4FDF6006056A6 /* Build configuration list for PBXNativeTarget "turtleAppLayout" */ = {
			isa = XCConfigurationList;
			buildConfigurations = (
				C3A9EAA124F4FDF6006056A6 /* Debug */,
				C3A9EAA224F4FDF6006056A6 /* Release */,
			);
			defaultConfigurationIsVisible = 0;
			defaultConfigurationName = Release;
		};
		C3A9EAA324F4FDF6006056A6 /* Build configuration list for PBXNativeTarget "turtleAppLayoutTests" */ = {
			isa = XCConfigurationList;
			buildConfigurations = (
				C3A9EAA424F4FDF6006056A6 /* Debug */,
				C3A9EAA524F4FDF6006056A6 /* Release */,
			);
			defaultConfigurationIsVisible = 0;
			defaultConfigurationName = Release;
		};
		C3A9EAA624F4FDF6006056A6 /* Build configuration list for PBXNativeTarget "turtleAppLayoutUITests" */ = {
			isa = XCConfigurationList;
			buildConfigurations = (
				C3A9EAA724F4FDF6006056A6 /* Debug */,
				C3A9EAA824F4FDF6006056A6 /* Release */,
			);
			defaultConfigurationIsVisible = 0;
			defaultConfigurationName = Release;
		};
/* End XCConfigurationList section */
	};
	rootObject = C3A9EA6E24F4FDF4006056A6 /* Project object */;
}
